// !$*UTF8*$!
{
	archiveVersion = 1;
	classes = {
	};
	objectVersion = 46;
	objects = {

/* Begin PBXBuildFile section */
		57DA21675CADA14CE9CEF66B /* Pods_FlatironGoTests.framework in Frameworks */ = {isa = PBXBuildFile; fileRef = 06118444AE3495A658EB2681 /* Pods_FlatironGoTests.framework */; };
		6E4175C93DA2DA04E570D8CE /* Pods_FlatironGo.framework in Frameworks */ = {isa = PBXBuildFile; fileRef = CD32EAF7AB2E450CD16AB1CC /* Pods_FlatironGo.framework */; };
		7DD9128D1D37155E00331CF3 /* AppDelegate.swift in Sources */ = {isa = PBXBuildFile; fileRef = 7DD9128C1D37155E00331CF3 /* AppDelegate.swift */; };
		7DD9128F1D37155E00331CF3 /* ViewController.swift in Sources */ = {isa = PBXBuildFile; fileRef = 7DD9128E1D37155E00331CF3 /* ViewController.swift */; };
		7DD912921D37155E00331CF3 /* Main.storyboard in Resources */ = {isa = PBXBuildFile; fileRef = 7DD912901D37155E00331CF3 /* Main.storyboard */; };
		7DD912941D37155E00331CF3 /* Assets.xcassets in Resources */ = {isa = PBXBuildFile; fileRef = 7DD912931D37155E00331CF3 /* Assets.xcassets */; };
		7DD912971D37155E00331CF3 /* LaunchScreen.storyboard in Resources */ = {isa = PBXBuildFile; fileRef = 7DD912951D37155E00331CF3 /* LaunchScreen.storyboard */; };
		7DD912A21D37155F00331CF3 /* FlatironGoTests.swift in Sources */ = {isa = PBXBuildFile; fileRef = 7DD912A11D37155F00331CF3 /* FlatironGoTests.swift */; };
		8F7EC0A81D39AA9700619BC1 /* Constants.swift in Sources */ = {isa = PBXBuildFile; fileRef = 8F7EC0A71D39AA9700619BC1 /* Constants.swift */; };
		8F7EC0B01D39AF5B00619BC1 /* MapViewController.swift in Sources */ = {isa = PBXBuildFile; fileRef = 8F7EC0AF1D39AF5B00619BC1 /* MapViewController.swift */; };
/* End PBXBuildFile section */

/* Begin PBXContainerItemProxy section */
		7DD9129E1D37155F00331CF3 /* PBXContainerItemProxy */ = {
			isa = PBXContainerItemProxy;
			containerPortal = 7DD912811D37155E00331CF3 /* Project object */;
			proxyType = 1;
			remoteGlobalIDString = 7DD912881D37155E00331CF3;
			remoteInfo = FlatironGo;
		};
/* End PBXContainerItemProxy section */

/* Begin PBXFileReference section */
		06118444AE3495A658EB2681 /* Pods_FlatironGoTests.framework */ = {isa = PBXFileReference; explicitFileType = wrapper.framework; includeInIndex = 0; path = Pods_FlatironGoTests.framework; sourceTree = BUILT_PRODUCTS_DIR; };
		2F98994D7097FC55A7262AF2 /* Pods-FlatironGoTests.release.xcconfig */ = {isa = PBXFileReference; includeInIndex = 1; lastKnownFileType = text.xcconfig; name = "Pods-FlatironGoTests.release.xcconfig"; path = "Pods/Target Support Files/Pods-FlatironGoTests/Pods-FlatironGoTests.release.xcconfig"; sourceTree = "<group>"; };
		7DD912891D37155E00331CF3 /* FlatironGo.app */ = {isa = PBXFileReference; explicitFileType = wrapper.application; includeInIndex = 0; path = FlatironGo.app; sourceTree = BUILT_PRODUCTS_DIR; };
		7DD9128C1D37155E00331CF3 /* AppDelegate.swift */ = {isa = PBXFileReference; lastKnownFileType = sourcecode.swift; path = AppDelegate.swift; sourceTree = "<group>"; };
		7DD9128E1D37155E00331CF3 /* ViewController.swift */ = {isa = PBXFileReference; lastKnownFileType = sourcecode.swift; path = ViewController.swift; sourceTree = "<group>"; };
		7DD912911D37155E00331CF3 /* Base */ = {isa = PBXFileReference; lastKnownFileType = file.storyboard; name = Base; path = Base.lproj/Main.storyboard; sourceTree = "<group>"; };
		7DD912931D37155E00331CF3 /* Assets.xcassets */ = {isa = PBXFileReference; lastKnownFileType = folder.assetcatalog; path = Assets.xcassets; sourceTree = "<group>"; };
		7DD912961D37155E00331CF3 /* Base */ = {isa = PBXFileReference; lastKnownFileType = file.storyboard; name = Base; path = Base.lproj/LaunchScreen.storyboard; sourceTree = "<group>"; };
		7DD912981D37155E00331CF3 /* Info.plist */ = {isa = PBXFileReference; lastKnownFileType = text.plist.xml; path = Info.plist; sourceTree = "<group>"; };
		7DD9129D1D37155F00331CF3 /* FlatironGoTests.xctest */ = {isa = PBXFileReference; explicitFileType = wrapper.cfbundle; includeInIndex = 0; path = FlatironGoTests.xctest; sourceTree = BUILT_PRODUCTS_DIR; };
		7DD912A11D37155F00331CF3 /* FlatironGoTests.swift */ = {isa = PBXFileReference; lastKnownFileType = sourcecode.swift; path = FlatironGoTests.swift; sourceTree = "<group>"; };
		7DD912A31D37155F00331CF3 /* Info.plist */ = {isa = PBXFileReference; lastKnownFileType = text.plist.xml; path = Info.plist; sourceTree = "<group>"; };
		86942FB8B1C5E2470FC68547 /* Pods-FlatironGo.debug.xcconfig */ = {isa = PBXFileReference; includeInIndex = 1; lastKnownFileType = text.xcconfig; name = "Pods-FlatironGo.debug.xcconfig"; path = "Pods/Target Support Files/Pods-FlatironGo/Pods-FlatironGo.debug.xcconfig"; sourceTree = "<group>"; };
		8F7EC0A71D39AA9700619BC1 /* Constants.swift */ = {isa = PBXFileReference; fileEncoding = 4; lastKnownFileType = sourcecode.swift; path = Constants.swift; sourceTree = "<group>"; };
		8F7EC0AF1D39AF5B00619BC1 /* MapViewController.swift */ = {isa = PBXFileReference; fileEncoding = 4; lastKnownFileType = sourcecode.swift; path = MapViewController.swift; sourceTree = "<group>"; };
		CD32EAF7AB2E450CD16AB1CC /* Pods_FlatironGo.framework */ = {isa = PBXFileReference; explicitFileType = wrapper.framework; includeInIndex = 0; path = Pods_FlatironGo.framework; sourceTree = BUILT_PRODUCTS_DIR; };
		CD5A3958518A8E280B32591F /* Pods-FlatironGo.release.xcconfig */ = {isa = PBXFileReference; includeInIndex = 1; lastKnownFileType = text.xcconfig; name = "Pods-FlatironGo.release.xcconfig"; path = "Pods/Target Support Files/Pods-FlatironGo/Pods-FlatironGo.release.xcconfig"; sourceTree = "<group>"; };
		F486049656938B68E02B45E5 /* Pods-FlatironGoTests.debug.xcconfig */ = {isa = PBXFileReference; includeInIndex = 1; lastKnownFileType = text.xcconfig; name = "Pods-FlatironGoTests.debug.xcconfig"; path = "Pods/Target Support Files/Pods-FlatironGoTests/Pods-FlatironGoTests.debug.xcconfig"; sourceTree = "<group>"; };
/* End PBXFileReference section */

/* Begin PBXFrameworksBuildPhase section */
		7DD912861D37155E00331CF3 /* Frameworks */ = {
			isa = PBXFrameworksBuildPhase;
			buildActionMask = 2147483647;
			files = (
				6E4175C93DA2DA04E570D8CE /* Pods_FlatironGo.framework in Frameworks */,
			);
			runOnlyForDeploymentPostprocessing = 0;
		};
		7DD9129A1D37155F00331CF3 /* Frameworks */ = {
			isa = PBXFrameworksBuildPhase;
			buildActionMask = 2147483647;
			files = (
				57DA21675CADA14CE9CEF66B /* Pods_FlatironGoTests.framework in Frameworks */,
			);
			runOnlyForDeploymentPostprocessing = 0;
		};
/* End PBXFrameworksBuildPhase section */

/* Begin PBXGroup section */
		13E3BF4C9E6AF8BC217F16CE /* Frameworks */ = {
			isa = PBXGroup;
			children = (
				CD32EAF7AB2E450CD16AB1CC /* Pods_FlatironGo.framework */,
				06118444AE3495A658EB2681 /* Pods_FlatironGoTests.framework */,
			);
			name = Frameworks;
			sourceTree = "<group>";
		};
		365340C6B288470621984048 /* Pods */ = {
			isa = PBXGroup;
			children = (
				86942FB8B1C5E2470FC68547 /* Pods-FlatironGo.debug.xcconfig */,
				CD5A3958518A8E280B32591F /* Pods-FlatironGo.release.xcconfig */,
				F486049656938B68E02B45E5 /* Pods-FlatironGoTests.debug.xcconfig */,
				2F98994D7097FC55A7262AF2 /* Pods-FlatironGoTests.release.xcconfig */,
			);
			name = Pods;
			sourceTree = "<group>";
		};
		7DD912801D37155E00331CF3 = {
			isa = PBXGroup;
			children = (
				7DD9128B1D37155E00331CF3 /* FlatironGo */,
				7DD912A01D37155F00331CF3 /* FlatironGoTests */,
				7DD9128A1D37155E00331CF3 /* Products */,
				365340C6B288470621984048 /* Pods */,
				13E3BF4C9E6AF8BC217F16CE /* Frameworks */,
			);
			sourceTree = "<group>";
		};
		7DD9128A1D37155E00331CF3 /* Products */ = {
			isa = PBXGroup;
			children = (
				7DD912891D37155E00331CF3 /* FlatironGo.app */,
				7DD9129D1D37155F00331CF3 /* FlatironGoTests.xctest */,
			);
			name = Products;
			sourceTree = "<group>";
		};
		7DD9128B1D37155E00331CF3 /* FlatironGo */ = {
			isa = PBXGroup;
			children = (
				7DD9128C1D37155E00331CF3 /* AppDelegate.swift */,
				8F7EC0AF1D39AF5B00619BC1 /* MapViewController.swift */,
				7DD9128E1D37155E00331CF3 /* ViewController.swift */,
				7DD912901D37155E00331CF3 /* Main.storyboard */,
				7DD912931D37155E00331CF3 /* Assets.xcassets */,
				7DD912951D37155E00331CF3 /* LaunchScreen.storyboard */,
				7DD912981D37155E00331CF3 /* Info.plist */,
				8F7EC0A71D39AA9700619BC1 /* Constants.swift */,
			);
			path = FlatironGo;
			sourceTree = "<group>";
		};
		7DD912A01D37155F00331CF3 /* FlatironGoTests */ = {
			isa = PBXGroup;
			children = (
				7DD912A11D37155F00331CF3 /* FlatironGoTests.swift */,
				7DD912A31D37155F00331CF3 /* Info.plist */,
			);
			path = FlatironGoTests;
			sourceTree = "<group>";
		};
/* End PBXGroup section */

/* Begin PBXNativeTarget section */
		7DD912881D37155E00331CF3 /* FlatironGo */ = {
			isa = PBXNativeTarget;
			buildConfigurationList = 7DD912A61D37155F00331CF3 /* Build configuration list for PBXNativeTarget "FlatironGo" */;
			buildPhases = (
				11812650A9D905BCB8A0C1E7 /* [CP] Check Pods Manifest.lock */,
				7DD912851D37155E00331CF3 /* Sources */,
				7DD912861D37155E00331CF3 /* Frameworks */,
				7DD912871D37155E00331CF3 /* Resources */,
				9956AE1A33FC307B2758B083 /* [CP] Embed Pods Frameworks */,
				02B265EAE5B9A6F64F0C8CF5 /* [CP] Copy Pods Resources */,
			);
			buildRules = (
			);
			dependencies = (
			);
			name = FlatironGo;
			productName = FlatironGo;
			productReference = 7DD912891D37155E00331CF3 /* FlatironGo.app */;
			productType = "com.apple.product-type.application";
		};
		7DD9129C1D37155F00331CF3 /* FlatironGoTests */ = {
			isa = PBXNativeTarget;
			buildConfigurationList = 7DD912A91D37155F00331CF3 /* Build configuration list for PBXNativeTarget "FlatironGoTests" */;
			buildPhases = (
				52F9B9F46E84F6F5EF94A614 /* [CP] Check Pods Manifest.lock */,
				7DD912991D37155F00331CF3 /* Sources */,
				7DD9129A1D37155F00331CF3 /* Frameworks */,
				7DD9129B1D37155F00331CF3 /* Resources */,
				4139AA425B28FEA52D253AFF /* [CP] Embed Pods Frameworks */,
				C66F7E43AFF0A6F82DDA652A /* [CP] Copy Pods Resources */,
			);
			buildRules = (
			);
			dependencies = (
				7DD9129F1D37155F00331CF3 /* PBXTargetDependency */,
			);
			name = FlatironGoTests;
			productName = FlatironGoTests;
			productReference = 7DD9129D1D37155F00331CF3 /* FlatironGoTests.xctest */;
			productType = "com.apple.product-type.bundle.unit-test";
		};
/* End PBXNativeTarget section */

/* Begin PBXProject section */
		7DD912811D37155E00331CF3 /* Project object */ = {
			isa = PBXProject;
			attributes = {
				LastSwiftUpdateCheck = 0730;
				LastUpgradeCheck = 0730;
				ORGANIZATIONNAME = "Gamesmith, LLC";
				TargetAttributes = {
					7DD912881D37155E00331CF3 = {
						CreatedOnToolsVersion = 7.3.1;
						DevelopmentTeam = WNAGBXF4G9;
					};
					7DD9129C1D37155F00331CF3 = {
						CreatedOnToolsVersion = 7.3.1;
						TestTargetID = 7DD912881D37155E00331CF3;
					};
				};
			};
			buildConfigurationList = 7DD912841D37155E00331CF3 /* Build configuration list for PBXProject "FlatironGo" */;
			compatibilityVersion = "Xcode 3.2";
			developmentRegion = English;
			hasScannedForEncodings = 0;
			knownRegions = (
				en,
				Base,
			);
			mainGroup = 7DD912801D37155E00331CF3;
			productRefGroup = 7DD9128A1D37155E00331CF3 /* Products */;
			projectDirPath = "";
			projectRoot = "";
			targets = (
				7DD912881D37155E00331CF3 /* FlatironGo */,
				7DD9129C1D37155F00331CF3 /* FlatironGoTests */,
			);
		};
/* End PBXProject section */

/* Begin PBXResourcesBuildPhase section */
		7DD912871D37155E00331CF3 /* Resources */ = {
			isa = PBXResourcesBuildPhase;
			buildActionMask = 2147483647;
			files = (
				7DD912971D37155E00331CF3 /* LaunchScreen.storyboard in Resources */,
				7DD912941D37155E00331CF3 /* Assets.xcassets in Resources */,
				7DD912921D37155E00331CF3 /* Main.storyboard in Resources */,
			);
			runOnlyForDeploymentPostprocessing = 0;
		};
		7DD9129B1D37155F00331CF3 /* Resources */ = {
			isa = PBXResourcesBuildPhase;
			buildActionMask = 2147483647;
			files = (
			);
			runOnlyForDeploymentPostprocessing = 0;
		};
/* End PBXResourcesBuildPhase section */

/* Begin PBXShellScriptBuildPhase section */
		02B265EAE5B9A6F64F0C8CF5 /* [CP] Copy Pods Resources */ = {
			isa = PBXShellScriptBuildPhase;
			buildActionMask = 2147483647;
			files = (
			);
			inputPaths = (
			);
			name = "[CP] Copy Pods Resources";
			outputPaths = (
			);
			runOnlyForDeploymentPostprocessing = 0;
			shellPath = /bin/sh;
			shellScript = "\"${SRCROOT}/Pods/Target Support Files/Pods-FlatironGo/Pods-FlatironGo-resources.sh\"\n";
			showEnvVarsInLog = 0;
		};
		11812650A9D905BCB8A0C1E7 /* [CP] Check Pods Manifest.lock */ = {
			isa = PBXShellScriptBuildPhase;
			buildActionMask = 2147483647;
			files = (
			);
			inputPaths = (
			);
			name = "[CP] Check Pods Manifest.lock";
			outputPaths = (
			);
			runOnlyForDeploymentPostprocessing = 0;
			shellPath = /bin/sh;
			shellScript = "diff \"${PODS_ROOT}/../Podfile.lock\" \"${PODS_ROOT}/Manifest.lock\" > /dev/null\nif [[ $? != 0 ]] ; then\n    cat << EOM\nerror: The sandbox is not in sync with the Podfile.lock. Run 'pod install' or update your CocoaPods installation.\nEOM\n    exit 1\nfi\n";
			showEnvVarsInLog = 0;
		};
		4139AA425B28FEA52D253AFF /* [CP] Embed Pods Frameworks */ = {
			isa = PBXShellScriptBuildPhase;
			buildActionMask = 2147483647;
			files = (
			);
			inputPaths = (
			);
			name = "[CP] Embed Pods Frameworks";
			outputPaths = (
			);
			runOnlyForDeploymentPostprocessing = 0;
			shellPath = /bin/sh;
			shellScript = "\"${SRCROOT}/Pods/Target Support Files/Pods-FlatironGoTests/Pods-FlatironGoTests-frameworks.sh\"\n";
			showEnvVarsInLog = 0;
		};
		52F9B9F46E84F6F5EF94A614 /* [CP] Check Pods Manifest.lock */ = {
			isa = PBXShellScriptBuildPhase;
			buildActionMask = 2147483647;
			files = (
			);
			inputPaths = (
			);
			name = "[CP] Check Pods Manifest.lock";
			outputPaths = (
			);
			runOnlyForDeploymentPostprocessing = 0;
			shellPath = /bin/sh;
			shellScript = "diff \"${PODS_ROOT}/../Podfile.lock\" \"${PODS_ROOT}/Manifest.lock\" > /dev/null\nif [[ $? != 0 ]] ; then\n    cat << EOM\nerror: The sandbox is not in sync with the Podfile.lock. Run 'pod install' or update your CocoaPods installation.\nEOM\n    exit 1\nfi\n";
			showEnvVarsInLog = 0;
		};
		9956AE1A33FC307B2758B083 /* [CP] Embed Pods Frameworks */ = {
			isa = PBXShellScriptBuildPhase;
			buildActionMask = 2147483647;
			files = (
			);
			inputPaths = (
			);
			name = "[CP] Embed Pods Frameworks";
			outputPaths = (
			);
			runOnlyForDeploymentPostprocessing = 0;
			shellPath = /bin/sh;
			shellScript = "\"${SRCROOT}/Pods/Target Support Files/Pods-FlatironGo/Pods-FlatironGo-frameworks.sh\"\n";
			showEnvVarsInLog = 0;
		};
		C66F7E43AFF0A6F82DDA652A /* [CP] Copy Pods Resources */ = {
			isa = PBXShellScriptBuildPhase;
			buildActionMask = 2147483647;
			files = (
			);
			inputPaths = (
			);
			name = "[CP] Copy Pods Resources";
			outputPaths = (
			);
			runOnlyForDeploymentPostprocessing = 0;
			shellPath = /bin/sh;
			shellScript = "\"${SRCROOT}/Pods/Target Support Files/Pods-FlatironGoTests/Pods-FlatironGoTests-resources.sh\"\n";
			showEnvVarsInLog = 0;
		};
/* End PBXShellScriptBuildPhase section */

/* Begin PBXSourcesBuildPhase section */
		7DD912851D37155E00331CF3 /* Sources */ = {
			isa = PBXSourcesBuildPhase;
			buildActionMask = 2147483647;
			files = (
				7DD9128F1D37155E00331CF3 /* ViewController.swift in Sources */,
				7DD9128D1D37155E00331CF3 /* AppDelegate.swift in Sources */,
				8F7EC0A81D39AA9700619BC1 /* Constants.swift in Sources */,
				8F7EC0B01D39AF5B00619BC1 /* MapViewController.swift in Sources */,
			);
			runOnlyForDeploymentPostprocessing = 0;
		};
		7DD912991D37155F00331CF3 /* Sources */ = {
			isa = PBXSourcesBuildPhase;
			buildActionMask = 2147483647;
			files = (
				7DD912A21D37155F00331CF3 /* FlatironGoTests.swift in Sources */,
			);
			runOnlyForDeploymentPostprocessing = 0;
		};
/* End PBXSourcesBuildPhase section */

/* Begin PBXTargetDependency section */
		7DD9129F1D37155F00331CF3 /* PBXTargetDependency */ = {
			isa = PBXTargetDependency;
			target = 7DD912881D37155E00331CF3 /* FlatironGo */;
			targetProxy = 7DD9129E1D37155F00331CF3 /* PBXContainerItemProxy */;
		};
/* End PBXTargetDependency section */

/* Begin PBXVariantGroup section */
		7DD912901D37155E00331CF3 /* Main.storyboard */ = {
			isa = PBXVariantGroup;
			children = (
				7DD912911D37155E00331CF3 /* Base */,
			);
			name = Main.storyboard;
			sourceTree = "<group>";
		};
		7DD912951D37155E00331CF3 /* LaunchScreen.storyboard */ = {
			isa = PBXVariantGroup;
			children = (
				7DD912961D37155E00331CF3 /* Base */,
			);
			name = LaunchScreen.storyboard;
			sourceTree = "<group>";
		};
/* End PBXVariantGroup section */

/* Begin XCBuildConfiguration section */
		7DD912A41D37155F00331CF3 /* Debug */ = {
			isa = XCBuildConfiguration;
			buildSettings = {
				ALWAYS_SEARCH_USER_PATHS = NO;
				CLANG_ANALYZER_NONNULL = YES;
				CLANG_CXX_LANGUAGE_STANDARD = "gnu++0x";
				CLANG_CXX_LIBRARY = "libc++";
				CLANG_ENABLE_MODULES = YES;
				CLANG_ENABLE_OBJC_ARC = YES;
				CLANG_WARN_BOOL_CONVERSION = YES;
				CLANG_WARN_CONSTANT_CONVERSION = YES;
				CLANG_WARN_DIRECT_OBJC_ISA_USAGE = YES_ERROR;
				CLANG_WARN_EMPTY_BODY = YES;
				CLANG_WARN_ENUM_CONVERSION = YES;
				CLANG_WARN_INT_CONVERSION = YES;
				CLANG_WARN_OBJC_ROOT_CLASS = YES_ERROR;
				CLANG_WARN_UNREACHABLE_CODE = YES;
				CLANG_WARN__DUPLICATE_METHOD_MATCH = YES;
				"CODE_SIGN_IDENTITY[sdk=iphoneos*]" = "iPhone Developer";
				COPY_PHASE_STRIP = NO;
				DEBUG_INFORMATION_FORMAT = dwarf;
				ENABLE_STRICT_OBJC_MSGSEND = YES;
				ENABLE_TESTABILITY = YES;
				GCC_C_LANGUAGE_STANDARD = gnu99;
				GCC_DYNAMIC_NO_PIC = NO;
				GCC_NO_COMMON_BLOCKS = YES;
				GCC_OPTIMIZATION_LEVEL = 0;
				GCC_PREPROCESSOR_DEFINITIONS = (
					"DEBUG=1",
					"$(inherited)",
				);
				GCC_WARN_64_TO_32_BIT_CONVERSION = YES;
				GCC_WARN_ABOUT_RETURN_TYPE = YES_ERROR;
				GCC_WARN_UNDECLARED_SELECTOR = YES;
				GCC_WARN_UNINITIALIZED_AUTOS = YES_AGGRESSIVE;
				GCC_WARN_UNUSED_FUNCTION = YES;
				GCC_WARN_UNUSED_VARIABLE = YES;
				IPHONEOS_DEPLOYMENT_TARGET = 9.3;
				MTL_ENABLE_DEBUG_INFO = YES;
				ONLY_ACTIVE_ARCH = YES;
				SDKROOT = iphoneos;
				SWIFT_OPTIMIZATION_LEVEL = "-Onone";
			};
			name = Debug;
		};
		7DD912A51D37155F00331CF3 /* Release */ = {
			isa = XCBuildConfiguration;
			buildSettings = {
				ALWAYS_SEARCH_USER_PATHS = NO;
				CLANG_ANALYZER_NONNULL = YES;
				CLANG_CXX_LANGUAGE_STANDARD = "gnu++0x";
				CLANG_CXX_LIBRARY = "libc++";
				CLANG_ENABLE_MODULES = YES;
				CLANG_ENABLE_OBJC_ARC = YES;
				CLANG_WARN_BOOL_CONVERSION = YES;
				CLANG_WARN_CONSTANT_CONVERSION = YES;
				CLANG_WARN_DIRECT_OBJC_ISA_USAGE = YES_ERROR;
				CLANG_WARN_EMPTY_BODY = YES;
				CLANG_WARN_ENUM_CONVERSION = YES;
				CLANG_WARN_INT_CONVERSION = YES;
				CLANG_WARN_OBJC_ROOT_CLASS = YES_ERROR;
				CLANG_WARN_UNREACHABLE_CODE = YES;
				CLANG_WARN__DUPLICATE_METHOD_MATCH = YES;
				"CODE_SIGN_IDENTITY[sdk=iphoneos*]" = "iPhone Developer";
				COPY_PHASE_STRIP = NO;
				DEBUG_INFORMATION_FORMAT = "dwarf-with-dsym";
				ENABLE_NS_ASSERTIONS = NO;
				ENABLE_STRICT_OBJC_MSGSEND = YES;
				GCC_C_LANGUAGE_STANDARD = gnu99;
				GCC_NO_COMMON_BLOCKS = YES;
				GCC_WARN_64_TO_32_BIT_CONVERSION = YES;
				GCC_WARN_ABOUT_RETURN_TYPE = YES_ERROR;
				GCC_WARN_UNDECLARED_SELECTOR = YES;
				GCC_WARN_UNINITIALIZED_AUTOS = YES_AGGRESSIVE;
				GCC_WARN_UNUSED_FUNCTION = YES;
				GCC_WARN_UNUSED_VARIABLE = YES;
				IPHONEOS_DEPLOYMENT_TARGET = 9.3;
				MTL_ENABLE_DEBUG_INFO = NO;
				SDKROOT = iphoneos;
				VALIDATE_PRODUCT = YES;
			};
			name = Release;
		};
		7DD912A71D37155F00331CF3 /* Debug */ = {
			isa = XCBuildConfiguration;
			baseConfigurationReference = 86942FB8B1C5E2470FC68547 /* Pods-FlatironGo.debug.xcconfig */;
			buildSettings = {
				ASSETCATALOG_COMPILER_APPICON_NAME = AppIcon;
				CODE_SIGN_IDENTITY = "iPhone Developer";
				"CODE_SIGN_IDENTITY[sdk=iphoneos*]" = "iPhone Developer";
				FRAMEWORK_SEARCH_PATHS = (
					"$(inherited)",
					"$(PROJECT_DIR)/FlatironGo",
				);
				INFOPLIST_FILE = FlatironGo/Info.plist;
				LD_RUNPATH_SEARCH_PATHS = "$(inherited) @executable_path/Frameworks";
				PRODUCT_BUNDLE_IDENTIFIER = com.Gamesmith.Swift.FlatironGo;
				PRODUCT_NAME = "$(TARGET_NAME)";
				PROVISIONING_PROFILE = "";
			};
			name = Debug;
		};
		7DD912A81D37155F00331CF3 /* Release */ = {
			isa = XCBuildConfiguration;
			baseConfigurationReference = CD5A3958518A8E280B32591F /* Pods-FlatironGo.release.xcconfig */;
			buildSettings = {
				ASSETCATALOG_COMPILER_APPICON_NAME = AppIcon;
				CODE_SIGN_IDENTITY = "iPhone Developer";
				"CODE_SIGN_IDENTITY[sdk=iphoneos*]" = "iPhone Developer";
				FRAMEWORK_SEARCH_PATHS = (
					"$(inherited)",
					"$(PROJECT_DIR)/FlatironGo",
				);
				INFOPLIST_FILE = FlatironGo/Info.plist;
				LD_RUNPATH_SEARCH_PATHS = "$(inherited) @executable_path/Frameworks";
				PRODUCT_BUNDLE_IDENTIFIER = com.Gamesmith.Swift.FlatironGo;
				PRODUCT_NAME = "$(TARGET_NAME)";
				PROVISIONING_PROFILE = "";
			};
			name = Release;
		};
		7DD912AA1D37155F00331CF3 /* Debug */ = {
			isa = XCBuildConfiguration;
			baseConfigurationReference = F486049656938B68E02B45E5 /* Pods-FlatironGoTests.debug.xcconfig */;
			buildSettings = {
				BUNDLE_LOADER = "$(TEST_HOST)";
				INFOPLIST_FILE = FlatironGoTests/Info.plist;
				LD_RUNPATH_SEARCH_PATHS = "$(inherited) @executable_path/Frameworks @loader_path/Frameworks";
				PRODUCT_BUNDLE_IDENTIFIER = com.Gamesmith.Swift.FlatironGoTests;
				PRODUCT_NAME = "$(TARGET_NAME)";
				TEST_HOST = "$(BUILT_PRODUCTS_DIR)/FlatironGo.app/FlatironGo";
			};
			name = Debug;
		};
		7DD912AB1D37155F00331CF3 /* Release */ = {
			isa = XCBuildConfiguration;
			baseConfigurationReference = 2F98994D7097FC55A7262AF2 /* Pods-FlatironGoTests.release.xcconfig */;
			buildSettings = {
				BUNDLE_LOADER = "$(TEST_HOST)";
				INFOPLIST_FILE = FlatironGoTests/Info.plist;
				LD_RUNPATH_SEARCH_PATHS = "$(inherited) @executable_path/Frameworks @loader_path/Frameworks";
				PRODUCT_BUNDLE_IDENTIFIER = com.Gamesmith.Swift.FlatironGoTests;
				PRODUCT_NAME = "$(TARGET_NAME)";
				TEST_HOST = "$(BUILT_PRODUCTS_DIR)/FlatironGo.app/FlatironGo";
			};
			name = Release;
		};
/* End XCBuildConfiguration section */

/* Begin XCConfigurationList section */
		7DD912841D37155E00331CF3 /* Build configuration list for PBXProject "FlatironGo" */ = {
			isa = XCConfigurationList;
			buildConfigurations = (
				7DD912A41D37155F00331CF3 /* Debug */,
				7DD912A51D37155F00331CF3 /* Release */,
			);
			defaultConfigurationIsVisible = 0;
			defaultConfigurationName = Release;
		};
		7DD912A61D37155F00331CF3 /* Build configuration list for PBXNativeTarget "FlatironGo" */ = {
			isa = XCConfigurationList;
			buildConfigurations = (
				7DD912A71D37155F00331CF3 /* Debug */,
				7DD912A81D37155F00331CF3 /* Release */,
			);
			defaultConfigurationIsVisible = 0;
			defaultConfigurationName = Release;
		};
		7DD912A91D37155F00331CF3 /* Build configuration list for PBXNativeTarget "FlatironGoTests" */ = {
			isa = XCConfigurationList;
			buildConfigurations = (
				7DD912AA1D37155F00331CF3 /* Debug */,
				7DD912AB1D37155F00331CF3 /* Release */,
			);
			defaultConfigurationIsVisible = 0;
			defaultConfigurationName = Release;
		};
/* End XCConfigurationList section */
	};
	rootObject = 7DD912811D37155E00331CF3 /* Project object */;
}
